
Microsoft Visual Studio Solution File, Format Version 12.00
# Visual Studio Version 16
VisualStudioVersion = 16.0.30907.101
MinimumVisualStudioVersion = 10.0.40219.1
Project("{FAE04EC0-301F-11D3-BF4B-00C04F79EFBC}") = "entityTest", "entityTest\entityTest.csproj", "{D7731BC6-C6E9-40E2-B396-BA229FFA964D}"
EndProject
Global
	GlobalSection(SolutionConfigurationPlatforms) = preSolution
		Debug|Any CPU = Debug|Any CPU
		Release|Any CPU = Release|Any CPU
	EndGlobalSection
	GlobalSection(ProjectConfigurationPlatforms) = postSolution
		{D7731BC6-C6E9-40E2-B396-BA229FFA964D}.Debug|Any CPU.ActiveCfg = Debug|Any CPU
		{D7731BC6-C6E9-40E2-B396-BA229FFA964D}.Debug|Any CPU.Build.0 = Debug|Any CPU
		{D7731BC6-C6E9-40E2-B396-BA229FFA964D}.Release|Any CPU.ActiveCfg = Release|Any CPU
		{D7731BC6-C6E9-40E2-B396-BA229FFA964D}.Release|Any CPU.Build.0 = Release|Any CPU
	EndGlobalSection
	GlobalSection(SolutionProperties) = preSolution
		HideSolutionNode = FALSE
	EndGlobalSection
	GlobalSection(ExtensibilityGlobals) = postSolution
		SolutionGuid = {E6633BE7-F7D0-4930-9FAB-3D04556EE19B}
	EndGlobalSection
EndGlobal
